{
  "version": 4,
  "terraform_version": "1.3.2",
  "serial": 255,
  "lineage": "3109c6d1-fcbb-dcb6-f176-6817fd16fa9b",
  "outputs": {},
  "resources": [
    {
      "module": "module.adb",
      "mode": "data",
      "type": "azurerm_key_vault_secret",
      "name": "db-pw",
      "provider": "provider[\"registry.terraform.io/hashicorp/azurerm\"]",
      "instances": []
    },
    {
      "module": "module.adb",
      "mode": "data",
      "type": "azurerm_key_vault_secret",
      "name": "db-un",
      "provider": "provider[\"registry.terraform.io/hashicorp/azurerm\"]",
      "instances": []
    },
    {
      "module": "module.adb",
      "mode": "data",
      "type": "databricks_node_type",
      "name": "smallest",
      "provider": "provider[\"registry.terraform.io/databricks/databricks\"]",
      "instances": [
        {
          "schema_version": 0,
          "attributes": {
            "category": null,
            "gb_per_core": null,
            "graviton": null,
            "id": "Standard_L8as_v3",
            "is_io_cache_enabled": null,
            "local_disk": true,
            "min_cores": null,
            "min_gpus": null,
            "min_memory_gb": null,
            "photon_driver_capable": null,
            "photon_worker_capable": null,
            "support_port_forwarding": null,
            "vcpu": null
          },
          "sensitive_attributes": []
        }
      ]
    },
    {
      "module": "module.adb",
      "mode": "data",
      "type": "databricks_spark_version",
      "name": "latest_lts",
      "provider": "provider[\"registry.terraform.io/databricks/databricks\"]",
      "instances": [
        {
          "schema_version": 0,
          "attributes": {
            "beta": null,
            "genomics": null,
            "gpu": null,
            "graviton": null,
            "id": "10.4.x-scala2.12",
            "latest": true,
            "long_term_support": true,
            "ml": null,
            "photon": null,
            "scala": "2.12",
            "spark_version": null
          },
          "sensitive_attributes": []
        }
      ]
    },
    {
      "module": "module.adb",
      "mode": "managed",
      "type": "azurerm_databricks_workspace",
      "name": "adb",
      "provider": "provider[\"registry.terraform.io/hashicorp/azurerm\"]",
      "instances": [
        {
          "schema_version": 0,
          "attributes": {
            "custom_parameters": [
              {
                "machine_learning_workspace_id": "",
                "nat_gateway_name": "nat-gateway",
                "no_public_ip": true,
                "private_subnet_name": "private_subnet",
                "private_subnet_network_security_group_association_id": "/subscriptions/f9747349-bf24-4afc-9500-d20ed3d2f97b/resourceGroups/rg-natefleming-trial/providers/Microsoft.Network/virtualNetworks/natefleming-trial-vnet/subnets/private_subnet",
                "public_ip_name": "nat-gw-public-ip",
                "public_subnet_name": "public_subnet",
                "public_subnet_network_security_group_association_id": "/subscriptions/f9747349-bf24-4afc-9500-d20ed3d2f97b/resourceGroups/rg-natefleming-trial/providers/Microsoft.Network/virtualNetworks/natefleming-trial-vnet/subnets/public_subnet",
                "storage_account_name": "dbstoragemkh3sbvx2xb5q",
                "storage_account_sku_name": "Standard_GRS",
                "virtual_network_id": "/subscriptions/f9747349-bf24-4afc-9500-d20ed3d2f97b/resourceGroups/rg-natefleming-trial/providers/Microsoft.Network/virtualNetworks/natefleming-trial-vnet",
                "vnet_address_prefix": "10.139"
              }
            ],
            "customer_managed_key_enabled": false,
            "id": "/subscriptions/f9747349-bf24-4afc-9500-d20ed3d2f97b/resourceGroups/rg-natefleming-trial/providers/Microsoft.Databricks/workspaces/adb-natefleming-trial",
            "infrastructure_encryption_enabled": false,
            "load_balancer_backend_address_pool_id": "",
            "location": "eastus",
            "managed_resource_group_id": "/subscriptions/f9747349-bf24-4afc-9500-d20ed3d2f97b/resourceGroups/databricks-rg-rg-natefleming-trial",
            "managed_resource_group_name": "databricks-rg-rg-natefleming-trial",
            "managed_services_cmk_key_vault_key_id": null,
            "name": "adb-natefleming-trial",
            "network_security_group_rules_required": null,
            "public_network_access_enabled": true,
            "resource_group_name": "rg-natefleming-trial",
            "sku": "premium",
            "storage_account_identity": [],
            "tags": {
              "product_id": "13684"
            },
            "timeouts": null,
            "workspace_id": "2809758908092963",
            "workspace_url": "adb-2809758908092963.3.azuredatabricks.net"
          },
          "sensitive_attributes": [],
          "private": "eyJlMmJmYjczMC1lY2FhLTExZTYtOGY4OC0zNDM2M2JjN2M0YzAiOnsiY3JlYXRlIjoxODAwMDAwMDAwMDAwLCJkZWxldGUiOjE4MDAwMDAwMDAwMDAsInJlYWQiOjMwMDAwMDAwMDAwMCwidXBkYXRlIjoxODAwMDAwMDAwMDAwfX0=",
          "dependencies": [
            "module.network.azurerm_network_security_group.nsg",
            "module.network.azurerm_subnet.subnet",
            "module.network.azurerm_subnet_network_security_group_association.nsg_association",
            "module.network.azurerm_virtual_network.vnet",
            "module.rg.azurerm_resource_group.rg"
          ]
        }
      ]
    },
    {
      "module": "module.adb",
      "mode": "managed",
      "type": "databricks_cluster",
      "name": "shared_autoscaling",
      "provider": "provider[\"registry.terraform.io/databricks/databricks\"]",
      "instances": []
    },
    {
      "module": "module.db",
      "mode": "managed",
      "type": "azurerm_mssql_database",
      "name": "sql-db",
      "provider": "provider[\"registry.terraform.io/hashicorp/azurerm\"]",
      "instances": []
    },
    {
      "module": "module.db",
      "mode": "managed",
      "type": "azurerm_mssql_server",
      "name": "sql-server",
      "provider": "provider[\"registry.terraform.io/hashicorp/azurerm\"]",
      "instances": []
    },
    {
      "module": "module.db",
      "mode": "managed",
      "type": "azurerm_private_dns_zone_virtual_network_link",
      "name": "db-dns-link",
      "provider": "provider[\"registry.terraform.io/hashicorp/azurerm\"]",
      "instances": []
    },
    {
      "module": "module.db",
      "mode": "managed",
      "type": "azurerm_private_endpoint",
      "name": "sql-server-pe",
      "provider": "provider[\"registry.terraform.io/hashicorp/azurerm\"]",
      "instances": []
    },
    {
      "module": "module.db",
      "mode": "managed",
      "type": "random_id",
      "name": "username",
      "provider": "provider[\"registry.terraform.io/hashicorp/random\"]",
      "instances": [
        {
          "schema_version": 0,
          "attributes": {
            "b64_std": "Ntn8rUL+f60dXg==",
            "b64_url": "Ntn8rUL-f60dXg",
            "byte_length": 10,
            "dec": "259028940821485174201694",
            "hex": "36d9fcad42fe7fad1d5e",
            "id": "Ntn8rUL-f60dXg",
            "keepers": null,
            "prefix": null
          },
          "sensitive_attributes": []
        }
      ]
    },
    {
      "module": "module.db",
      "mode": "managed",
      "type": "random_password",
      "name": "password",
      "provider": "provider[\"registry.terraform.io/hashicorp/random\"]",
      "instances": [
        {
          "schema_version": 3,
          "attributes": {
            "bcrypt_hash": "$2a$10$flXhBb0fpzx8HHiCAxajbOa9/lYKdviakaulDumlj/z9APBptllCi",
            "id": "none",
            "keepers": null,
            "length": 10,
            "lower": true,
            "min_lower": 0,
            "min_numeric": 0,
            "min_special": 0,
            "min_upper": 0,
            "number": true,
            "numeric": true,
            "override_special": null,
            "result": "8oTyd9gdAS",
            "special": true,
            "upper": true
          },
          "sensitive_attributes": []
        }
      ]
    },
    {
      "module": "module.firewall",
      "mode": "managed",
      "type": "azurerm_firewall",
      "name": "adb-firewall",
      "provider": "provider[\"registry.terraform.io/hashicorp/azurerm\"]",
      "instances": []
    },
    {
      "module": "module.firewall",
      "mode": "managed",
      "type": "azurerm_firewall_application_rule_collection",
      "name": "adb_application_rules",
      "provider": "provider[\"registry.terraform.io/hashicorp/azurerm\"]",
      "instances": []
    },
    {
      "module": "module.firewall",
      "mode": "managed",
      "type": "azurerm_firewall_network_rule_collection",
      "name": "adb_network_rules",
      "provider": "provider[\"registry.terraform.io/hashicorp/azurerm\"]",
      "instances": []
    },
    {
      "module": "module.firewall",
      "mode": "managed",
      "type": "azurerm_route_table",
      "name": "adb-route-table",
      "provider": "provider[\"registry.terraform.io/hashicorp/azurerm\"]",
      "instances": []
    },
    {
      "module": "module.firewall",
      "mode": "managed",
      "type": "azurerm_subnet_route_table_association",
      "name": "adb-private-rt-assocation",
      "provider": "provider[\"registry.terraform.io/hashicorp/azurerm\"]",
      "instances": []
    },
    {
      "module": "module.firewall",
      "mode": "managed",
      "type": "azurerm_subnet_route_table_association",
      "name": "adb-pubic-rt-assocation",
      "provider": "provider[\"registry.terraform.io/hashicorp/azurerm\"]",
      "instances": []
    },
    {
      "module": "module.keyvault",
      "mode": "data",
      "type": "azurerm_client_config",
      "name": "current",
      "provider": "provider[\"registry.terraform.io/hashicorp/azurerm\"]",
      "instances": [
        {
          "schema_version": 0,
          "attributes": {
            "client_id": "04b07795-8ddb-461a-bbee-02f9e1bf7b46",
            "id": "2022-10-10 20:35:34.74868 +0000 UTC",
            "object_id": "ee60ee7e-e174-4ac7-80ef-4924e970ebf2",
            "subscription_id": "f9747349-bf24-4afc-9500-d20ed3d2f97b",
            "tenant_id": "b0257c14-cacc-44c6-8927-5b4ce5de0874",
            "timeouts": null
          },
          "sensitive_attributes": []
        }
      ]
    },
    {
      "module": "module.keyvault",
      "mode": "managed",
      "type": "azurerm_key_vault",
      "name": "adb_kv",
      "provider": "provider[\"registry.terraform.io/hashicorp/azurerm\"]",
      "instances": [
        {
          "schema_version": 2,
          "attributes": {
            "access_policy": [
              {
                "application_id": "",
                "certificate_permissions": null,
                "key_permissions": null,
                "object_id": "ee60ee7e-e174-4ac7-80ef-4924e970ebf2",
                "secret_permissions": [
                  "Get",
                  "List",
                  "Set"
                ],
                "storage_permissions": null,
                "tenant_id": "b0257c14-cacc-44c6-8927-5b4ce5de0874"
              }
            ],
            "contact": [],
            "enable_rbac_authorization": false,
            "enabled_for_deployment": false,
            "enabled_for_disk_encryption": false,
            "enabled_for_template_deployment": false,
            "id": "/subscriptions/f9747349-bf24-4afc-9500-d20ed3d2f97b/resourceGroups/rg-natefleming-trial/providers/Microsoft.KeyVault/vaults/kv-natefleming-trial",
            "location": "eastus",
            "name": "kv-natefleming-trial",
            "network_acls": [
              {
                "bypass": "AzureServices",
                "default_action": "Deny",
                "ip_rules": [
                  "134.238.164.0/24",
                  "137.83.217.0/24",
                  "137.83.219.0/24",
                  "165.1.201.0/24",
                  "165.1.204.0/24",
                  "208.127.225.0/24"
                ],
                "virtual_network_subnet_ids": [
                  "/subscriptions/f9747349-bf24-4afc-9500-d20ed3d2f97b/resourceGroups/rg-natefleming-trial/providers/Microsoft.Network/virtualNetworks/natefleming-trial-vnet/subnets/privatelink_subnet"
                ]
              }
            ],
            "public_network_access_enabled": true,
            "purge_protection_enabled": false,
            "resource_group_name": "rg-natefleming-trial",
            "sku_name": "standard",
            "soft_delete_retention_days": 7,
            "tags": {
              "product_id": "13684"
            },
            "tenant_id": "b0257c14-cacc-44c6-8927-5b4ce5de0874",
            "timeouts": null,
            "vault_uri": "https://kv-natefleming-trial.vault.azure.net/"
          },
          "sensitive_attributes": [],
          "private": "eyJlMmJmYjczMC1lY2FhLTExZTYtOGY4OC0zNDM2M2JjN2M0YzAiOnsiY3JlYXRlIjoxODAwMDAwMDAwMDAwLCJkZWxldGUiOjE4MDAwMDAwMDAwMDAsInJlYWQiOjMwMDAwMDAwMDAwMCwidXBkYXRlIjoxODAwMDAwMDAwMDAwfSwic2NoZW1hX3ZlcnNpb24iOiIyIn0=",
          "dependencies": [
            "module.keyvault.data.azurerm_client_config.current",
            "module.network.azurerm_subnet.subnet",
            "module.network.azurerm_virtual_network.vnet",
            "module.rg.azurerm_resource_group.rg"
          ]
        }
      ]
    },
    {
      "module": "module.keyvault",
      "mode": "managed",
      "type": "azurerm_private_dns_zone_virtual_network_link",
      "name": "db-dns-link",
      "provider": "provider[\"registry.terraform.io/hashicorp/azurerm\"]",
      "instances": []
    },
    {
      "module": "module.keyvault",
      "mode": "managed",
      "type": "azurerm_private_endpoint",
      "name": "kv-pe",
      "provider": "provider[\"registry.terraform.io/hashicorp/azurerm\"]",
      "instances": []
    },
    {
      "module": "module.network",
      "mode": "managed",
      "type": "azurerm_network_security_group",
      "name": "nsg",
      "provider": "provider[\"registry.terraform.io/hashicorp/azurerm\"]",
      "instances": [
        {
          "index_key": "private_nsg",
          "schema_version": 0,
          "attributes": {
            "id": "/subscriptions/f9747349-bf24-4afc-9500-d20ed3d2f97b/resourceGroups/rg-natefleming-trial/providers/Microsoft.Network/networkSecurityGroups/private_nsg",
            "location": "eastus",
            "name": "private_nsg",
            "resource_group_name": "rg-natefleming-trial",
            "security_rule": [],
            "tags": {
              "product_id": "13684"
            },
            "timeouts": null
          },
          "sensitive_attributes": [],
          "private": "eyJlMmJmYjczMC1lY2FhLTExZTYtOGY4OC0zNDM2M2JjN2M0YzAiOnsiY3JlYXRlIjoxODAwMDAwMDAwMDAwLCJkZWxldGUiOjE4MDAwMDAwMDAwMDAsInJlYWQiOjMwMDAwMDAwMDAwMCwidXBkYXRlIjoxODAwMDAwMDAwMDAwfX0=",
          "dependencies": [
            "module.rg.azurerm_resource_group.rg"
          ]
        },
        {
          "index_key": "public_nsg",
          "schema_version": 0,
          "attributes": {
            "id": "/subscriptions/f9747349-bf24-4afc-9500-d20ed3d2f97b/resourceGroups/rg-natefleming-trial/providers/Microsoft.Network/networkSecurityGroups/public_nsg",
            "location": "eastus",
            "name": "public_nsg",
            "resource_group_name": "rg-natefleming-trial",
            "security_rule": [],
            "tags": {
              "product_id": "13684"
            },
            "timeouts": null
          },
          "sensitive_attributes": [],
          "private": "eyJlMmJmYjczMC1lY2FhLTExZTYtOGY4OC0zNDM2M2JjN2M0YzAiOnsiY3JlYXRlIjoxODAwMDAwMDAwMDAwLCJkZWxldGUiOjE4MDAwMDAwMDAwMDAsInJlYWQiOjMwMDAwMDAwMDAwMCwidXBkYXRlIjoxODAwMDAwMDAwMDAwfX0=",
          "dependencies": [
            "module.rg.azurerm_resource_group.rg"
          ]
        }
      ]
    },
    {
      "module": "module.network",
      "mode": "managed",
      "type": "azurerm_subnet",
      "name": "subnet",
      "provider": "provider[\"registry.terraform.io/hashicorp/azurerm\"]",
      "instances": [
        {
          "index_key": "subnet1",
          "schema_version": 0,
          "attributes": {
            "address_prefixes": [
              "10.10.1.0/26"
            ],
            "delegation": [
              {
                "name": "adb_delegation",
                "service_delegation": [
                  {
                    "actions": [
                      "Microsoft.Network/virtualNetworks/subnets/join/action",
                      "Microsoft.Network/virtualNetworks/subnets/prepareNetworkPolicies/action",
                      "Microsoft.Network/virtualNetworks/subnets/unprepareNetworkPolicies/action"
                    ],
                    "name": "Microsoft.Databricks/workspaces"
                  }
                ]
              }
            ],
            "enforce_private_link_endpoint_network_policies": false,
            "enforce_private_link_service_network_policies": false,
            "id": "/subscriptions/f9747349-bf24-4afc-9500-d20ed3d2f97b/resourceGroups/rg-natefleming-trial/providers/Microsoft.Network/virtualNetworks/natefleming-trial-vnet/subnets/public_subnet",
            "name": "public_subnet",
            "private_endpoint_network_policies_enabled": true,
            "private_link_service_network_policies_enabled": true,
            "resource_group_name": "rg-natefleming-trial",
            "service_endpoint_policy_ids": null,
            "service_endpoints": [
              "Microsoft.KeyVault"
            ],
            "timeouts": null,
            "virtual_network_name": "natefleming-trial-vnet"
          },
          "sensitive_attributes": [],
          "private": "eyJlMmJmYjczMC1lY2FhLTExZTYtOGY4OC0zNDM2M2JjN2M0YzAiOnsiY3JlYXRlIjoxODAwMDAwMDAwMDAwLCJkZWxldGUiOjE4MDAwMDAwMDAwMDAsInJlYWQiOjMwMDAwMDAwMDAwMCwidXBkYXRlIjoxODAwMDAwMDAwMDAwfX0=",
          "dependencies": [
            "module.network.azurerm_virtual_network.vnet",
            "module.rg.azurerm_resource_group.rg"
          ]
        },
        {
          "index_key": "subnet2",
          "schema_version": 0,
          "attributes": {
            "address_prefixes": [
              "10.10.1.64/26"
            ],
            "delegation": [
              {
                "name": "adb_delegation",
                "service_delegation": [
                  {
                    "actions": [
                      "Microsoft.Network/virtualNetworks/subnets/join/action",
                      "Microsoft.Network/virtualNetworks/subnets/prepareNetworkPolicies/action",
                      "Microsoft.Network/virtualNetworks/subnets/unprepareNetworkPolicies/action"
                    ],
                    "name": "Microsoft.Databricks/workspaces"
                  }
                ]
              }
            ],
            "enforce_private_link_endpoint_network_policies": false,
            "enforce_private_link_service_network_policies": false,
            "id": "/subscriptions/f9747349-bf24-4afc-9500-d20ed3d2f97b/resourceGroups/rg-natefleming-trial/providers/Microsoft.Network/virtualNetworks/natefleming-trial-vnet/subnets/private_subnet",
            "name": "private_subnet",
            "private_endpoint_network_policies_enabled": true,
            "private_link_service_network_policies_enabled": true,
            "resource_group_name": "rg-natefleming-trial",
            "service_endpoint_policy_ids": null,
            "service_endpoints": [
              "Microsoft.KeyVault"
            ],
            "timeouts": null,
            "virtual_network_name": "natefleming-trial-vnet"
          },
          "sensitive_attributes": [],
          "private": "eyJlMmJmYjczMC1lY2FhLTExZTYtOGY4OC0zNDM2M2JjN2M0YzAiOnsiY3JlYXRlIjoxODAwMDAwMDAwMDAwLCJkZWxldGUiOjE4MDAwMDAwMDAwMDAsInJlYWQiOjMwMDAwMDAwMDAwMCwidXBkYXRlIjoxODAwMDAwMDAwMDAwfX0=",
          "dependencies": [
            "module.network.azurerm_virtual_network.vnet",
            "module.rg.azurerm_resource_group.rg"
          ]
        },
        {
          "index_key": "subnet3",
          "schema_version": 0,
          "attributes": {
            "address_prefixes": [
              "10.10.1.128/26"
            ],
            "delegation": [],
            "enforce_private_link_endpoint_network_policies": false,
            "enforce_private_link_service_network_policies": false,
            "id": "/subscriptions/f9747349-bf24-4afc-9500-d20ed3d2f97b/resourceGroups/rg-natefleming-trial/providers/Microsoft.Network/virtualNetworks/natefleming-trial-vnet/subnets/privatelink_subnet",
            "name": "privatelink_subnet",
            "private_endpoint_network_policies_enabled": true,
            "private_link_service_network_policies_enabled": true,
            "resource_group_name": "rg-natefleming-trial",
            "service_endpoint_policy_ids": null,
            "service_endpoints": [
              "Microsoft.KeyVault"
            ],
            "timeouts": null,
            "virtual_network_name": "natefleming-trial-vnet"
          },
          "sensitive_attributes": [],
          "private": "eyJlMmJmYjczMC1lY2FhLTExZTYtOGY4OC0zNDM2M2JjN2M0YzAiOnsiY3JlYXRlIjoxODAwMDAwMDAwMDAwLCJkZWxldGUiOjE4MDAwMDAwMDAwMDAsInJlYWQiOjMwMDAwMDAwMDAwMCwidXBkYXRlIjoxODAwMDAwMDAwMDAwfX0=",
          "dependencies": [
            "module.network.azurerm_virtual_network.vnet",
            "module.rg.azurerm_resource_group.rg"
          ]
        },
        {
          "index_key": "subnet4",
          "schema_version": 0,
          "attributes": {
            "address_prefixes": [
              "10.10.1.192/26"
            ],
            "delegation": [],
            "enforce_private_link_endpoint_network_policies": false,
            "enforce_private_link_service_network_policies": false,
            "id": "/subscriptions/f9747349-bf24-4afc-9500-d20ed3d2f97b/resourceGroups/rg-natefleming-trial/providers/Microsoft.Network/virtualNetworks/natefleming-trial-vnet/subnets/AzureFirewallSubnet",
            "name": "AzureFirewallSubnet",
            "private_endpoint_network_policies_enabled": true,
            "private_link_service_network_policies_enabled": true,
            "resource_group_name": "rg-natefleming-trial",
            "service_endpoint_policy_ids": null,
            "service_endpoints": [
              "Microsoft.KeyVault"
            ],
            "timeouts": null,
            "virtual_network_name": "natefleming-trial-vnet"
          },
          "sensitive_attributes": [],
          "private": "eyJlMmJmYjczMC1lY2FhLTExZTYtOGY4OC0zNDM2M2JjN2M0YzAiOnsiY3JlYXRlIjoxODAwMDAwMDAwMDAwLCJkZWxldGUiOjE4MDAwMDAwMDAwMDAsInJlYWQiOjMwMDAwMDAwMDAwMCwidXBkYXRlIjoxODAwMDAwMDAwMDAwfX0=",
          "dependencies": [
            "module.network.azurerm_virtual_network.vnet",
            "module.rg.azurerm_resource_group.rg"
          ]
        }
      ]
    },
    {
      "module": "module.network",
      "mode": "managed",
      "type": "azurerm_subnet_network_security_group_association",
      "name": "nsg_association",
      "provider": "provider[\"registry.terraform.io/hashicorp/azurerm\"]",
      "instances": [
        {
          "index_key": "subnet1",
          "schema_version": 0,
          "attributes": {
            "id": "/subscriptions/f9747349-bf24-4afc-9500-d20ed3d2f97b/resourceGroups/rg-natefleming-trial/providers/Microsoft.Network/virtualNetworks/natefleming-trial-vnet/subnets/public_subnet",
            "network_security_group_id": "/subscriptions/f9747349-bf24-4afc-9500-d20ed3d2f97b/resourceGroups/rg-natefleming-trial/providers/Microsoft.Network/networkSecurityGroups/public_nsg",
            "subnet_id": "/subscriptions/f9747349-bf24-4afc-9500-d20ed3d2f97b/resourceGroups/rg-natefleming-trial/providers/Microsoft.Network/virtualNetworks/natefleming-trial-vnet/subnets/public_subnet",
            "timeouts": null
          },
          "sensitive_attributes": [],
          "private": "eyJlMmJmYjczMC1lY2FhLTExZTYtOGY4OC0zNDM2M2JjN2M0YzAiOnsiY3JlYXRlIjoxODAwMDAwMDAwMDAwLCJkZWxldGUiOjE4MDAwMDAwMDAwMDAsInJlYWQiOjMwMDAwMDAwMDAwMCwidXBkYXRlIjoxODAwMDAwMDAwMDAwfX0=",
          "dependencies": [
            "module.network.azurerm_network_security_group.nsg",
            "module.network.azurerm_subnet.subnet",
            "module.network.azurerm_virtual_network.vnet",
            "module.rg.azurerm_resource_group.rg"
          ]
        },
        {
          "index_key": "subnet2",
          "schema_version": 0,
          "attributes": {
            "id": "/subscriptions/f9747349-bf24-4afc-9500-d20ed3d2f97b/resourceGroups/rg-natefleming-trial/providers/Microsoft.Network/virtualNetworks/natefleming-trial-vnet/subnets/private_subnet",
            "network_security_group_id": "/subscriptions/f9747349-bf24-4afc-9500-d20ed3d2f97b/resourceGroups/rg-natefleming-trial/providers/Microsoft.Network/networkSecurityGroups/private_nsg",
            "subnet_id": "/subscriptions/f9747349-bf24-4afc-9500-d20ed3d2f97b/resourceGroups/rg-natefleming-trial/providers/Microsoft.Network/virtualNetworks/natefleming-trial-vnet/subnets/private_subnet",
            "timeouts": null
          },
          "sensitive_attributes": [],
          "private": "eyJlMmJmYjczMC1lY2FhLTExZTYtOGY4OC0zNDM2M2JjN2M0YzAiOnsiY3JlYXRlIjoxODAwMDAwMDAwMDAwLCJkZWxldGUiOjE4MDAwMDAwMDAwMDAsInJlYWQiOjMwMDAwMDAwMDAwMCwidXBkYXRlIjoxODAwMDAwMDAwMDAwfX0=",
          "dependencies": [
            "module.network.azurerm_network_security_group.nsg",
            "module.network.azurerm_subnet.subnet",
            "module.network.azurerm_virtual_network.vnet",
            "module.rg.azurerm_resource_group.rg"
          ]
        }
      ]
    },
    {
      "module": "module.network",
      "mode": "managed",
      "type": "azurerm_virtual_network",
      "name": "vnet",
      "provider": "provider[\"registry.terraform.io/hashicorp/azurerm\"]",
      "instances": [
        {
          "schema_version": 0,
          "attributes": {
            "address_space": [
              "10.10.0.0/21"
            ],
            "bgp_community": "",
            "ddos_protection_plan": [],
            "dns_servers": [],
            "edge_zone": "",
            "flow_timeout_in_minutes": 0,
            "guid": "e3b01cab-f449-4bd0-9907-f688252d4cc2",
            "id": "/subscriptions/f9747349-bf24-4afc-9500-d20ed3d2f97b/resourceGroups/rg-natefleming-trial/providers/Microsoft.Network/virtualNetworks/natefleming-trial-vnet",
            "location": "eastus",
            "name": "natefleming-trial-vnet",
            "resource_group_name": "rg-natefleming-trial",
            "subnet": [],
            "tags": {
              "product_id": "13684"
            },
            "timeouts": null
          },
          "sensitive_attributes": [],
          "private": "eyJlMmJmYjczMC1lY2FhLTExZTYtOGY4OC0zNDM2M2JjN2M0YzAiOnsiY3JlYXRlIjoxODAwMDAwMDAwMDAwLCJkZWxldGUiOjE4MDAwMDAwMDAwMDAsInJlYWQiOjMwMDAwMDAwMDAwMCwidXBkYXRlIjoxODAwMDAwMDAwMDAwfX0=",
          "dependencies": [
            "module.rg.azurerm_resource_group.rg"
          ]
        }
      ]
    },
    {
      "module": "module.rg",
      "mode": "managed",
      "type": "azurerm_resource_group",
      "name": "rg",
      "provider": "provider[\"registry.terraform.io/hashicorp/azurerm\"]",
      "instances": [
        {
          "schema_version": 0,
          "attributes": {
            "id": "/subscriptions/f9747349-bf24-4afc-9500-d20ed3d2f97b/resourceGroups/rg-natefleming-trial",
            "location": "eastus",
            "name": "rg-natefleming-trial",
            "tags": {
              "Client": "Mckinsey",
              "Owner": "nate_fleming@mckinsey.com",
              "Purpose": "trial",
              "product_id": "13684"
            },
            "timeouts": null
          },
          "sensitive_attributes": [],
          "private": "eyJlMmJmYjczMC1lY2FhLTExZTYtOGY4OC0zNDM2M2JjN2M0YzAiOnsiY3JlYXRlIjo1NDAwMDAwMDAwMDAwLCJkZWxldGUiOjU0MDAwMDAwMDAwMDAsInJlYWQiOjMwMDAwMDAwMDAwMCwidXBkYXRlIjo1NDAwMDAwMDAwMDAwfX0="
        }
      ]
    }
  ],
  "check_results": []
}
